
Microsoft Visual Studio Solution File, Format Version 12.00
# Visual Studio Version 17
VisualStudioVersion = 17.9.34622.214
MinimumVisualStudioVersion = 10.0.40219.1
Project("{2150E333-8FDC-42A3-9474-1A3956D46DE8}") = "LTNC-01", "LTNC-01", "{9B2233C2-BB56-4BA8-90AF-7C14FE3BED80}"
EndProject
Project("{8BC9CEB8-8B4A-11D0-8D11-00A0C91BC942}") = "B3", "LTNC-01\B3\B3.vcxproj", "{62DE3DAA-6846-4FD8-8DD9-0D35AAFBDB2E}"
EndProject
Project("{8BC9CEB8-8B4A-11D0-8D11-00A0C91BC942}") = "B4", "LTNC-01\B4\B4.vcxproj", "{39D31E92-2202-4199-9025-698C682E94F2}"
EndProject
Project("{8BC9CEB8-8B4A-11D0-8D11-00A0C91BC942}") = "B5", "LTNC-01\B5\B5.vcxproj", "{AA2C8BAA-E58E-4818-8714-CB853810E14C}"
EndProject
Project("{8BC9CEB8-8B4A-11D0-8D11-00A0C91BC942}") = "B6", "LTNC-01\B6\B6.vcxproj", "{A4C24FC0-006A-4A55-A34F-773EA55590A9}"
EndProject
Project("{8BC9CEB8-8B4A-11D0-8D11-00A0C91BC942}") = "B7", "LTNC-01\B7\B7.vcxproj", "{3C69AFA3-F1A7-4742-B518-E116D51C84F8}"
EndProject
Project("{8BC9CEB8-8B4A-11D0-8D11-00A0C91BC942}") = "B8", "LTNC-01\B8\B8.vcxproj", "{F306D158-3BF6-4A50-99B1-A85A85C603A5}"
EndProject
Project("{2150E333-8FDC-42A3-9474-1A3956D46DE8}") = "LTNC-02", "LTNC-02", "{6AB6DD41-B9B6-4C36-9F6B-CBF6BC0DF92A}"
EndProject
Project("{8BC9CEB8-8B4A-11D0-8D11-00A0C91BC942}") = "B1", "LTNC-02\B1\B1.vcxproj", "{18FFEE80-2350-4D04-9179-0C66113F1A24}"
EndProject
Project("{8BC9CEB8-8B4A-11D0-8D11-00A0C91BC942}") = "B2", "LTNC-02\B2\B2.vcxproj", "{65C73898-1718-46C2-B7AA-F10AF90D3544}"
EndProject
Project("{8BC9CEB8-8B4A-11D0-8D11-00A0C91BC942}") = "B3", "LTNC-02\B3\B3.vcxproj", "{68FAD861-1D9B-44AD-A030-F3D391C61FF5}"
EndProject
Project("{2150E333-8FDC-42A3-9474-1A3956D46DE8}") = "LTNC-03", "LTNC-03", "{1B861AC3-9A90-4912-922E-D0C0E3708020}"
EndProject
Project("{8BC9CEB8-8B4A-11D0-8D11-00A0C91BC942}") = "B1", "LTNC-03\B1\B1.vcxproj", "{593F8F71-C7FE-4ED0-ACE4-6BEC711F45D5}"
EndProject
Project("{8BC9CEB8-8B4A-11D0-8D11-00A0C91BC942}") = "B2", "LTNC-03\B2\B2.vcxproj", "{5C0024A6-0909-4168-B2A8-8E140FF5311C}"
EndProject
Project("{8BC9CEB8-8B4A-11D0-8D11-00A0C91BC942}") = "B3", "LTNC-03\B3\B3.vcxproj", "{E9608BB4-CDD2-4240-97BE-E0C36F60E1B6}"
EndProject
Project("{8BC9CEB8-8B4A-11D0-8D11-00A0C91BC942}") = "B4", "LTNC-03\B4\B4.vcxproj", "{139B8FA4-51C4-4B96-A857-01C162F5AA7E}"
EndProject
Project("{8BC9CEB8-8B4A-11D0-8D11-00A0C91BC942}") = "B5", "LTNC-03\B5\B5.vcxproj", "{316BC46E-9CAE-40AB-BCAE-F6296B482DB0}"
EndProject
Project("{8BC9CEB8-8B4A-11D0-8D11-00A0C91BC942}") = "B6", "LTNC-03\B6\B6.vcxproj", "{19A0670C-2EA3-4F42-AF1D-D8DFE8DBDE2F}"
EndProject
Project("{2150E333-8FDC-42A3-9474-1A3956D46DE8}") = "LTNC-04", "LTNC-04", "{FD2327E0-5FA7-4F34-B4CA-13875BD53FF8}"
EndProject
Project("{8BC9CEB8-8B4A-11D0-8D11-00A0C91BC942}") = "B1", "LTNC-04\B1\B1.vcxproj", "{B0DF1B58-E10D-4853-89FB-605B80038508}"
EndProject
Project("{8BC9CEB8-8B4A-11D0-8D11-00A0C91BC942}") = "B2", "LTNC-04\B2\B2.vcxproj", "{3BD6F3F0-115A-40E2-9DA9-9C5F89DA630F}"
EndProject
Project("{8BC9CEB8-8B4A-11D0-8D11-00A0C91BC942}") = "B3", "LTNC-04\B3\B3.vcxproj", "{ED988912-8737-4736-BC28-27E6B61A9B09}"
EndProject
Project("{8BC9CEB8-8B4A-11D0-8D11-00A0C91BC942}") = "B4", "LTNC-04\B4\B4.vcxproj", "{E8C11B4C-25EE-40CF-ACB4-267194C2F1CB}"
EndProject
Project("{8BC9CEB8-8B4A-11D0-8D11-00A0C91BC942}") = "B5", "LTNC-04\B5\B5.vcxproj", "{20A9C88C-6501-490E-8D7A-78BB232D1BE4}"
EndProject
Project("{8BC9CEB8-8B4A-11D0-8D11-00A0C91BC942}") = "B6", "LTNC-04\B6\B6.vcxproj", "{C7CBEBBA-D8E5-4FB7-AD1D-C5EBCF7115A1}"
EndProject
Project("{8BC9CEB8-8B4A-11D0-8D11-00A0C91BC942}") = "B7", "LTNC-04\B7\B7.vcxproj", "{7B54533C-6031-4F76-B47B-FBA8C7BC80D9}"
EndProject
Project("{2150E333-8FDC-42A3-9474-1A3956D46DE8}") = "LTNC-05", "LTNC-05", "{A49963ED-0C3F-447F-B25B-B50A5E318DA1}"
EndProject
Project("{8BC9CEB8-8B4A-11D0-8D11-00A0C91BC942}") = "B1", "LTNC-05\B1\B1.vcxproj", "{AF056B4A-73B5-4AB7-A7B1-1C4180AAB122}"
EndProject
Project("{8BC9CEB8-8B4A-11D0-8D11-00A0C91BC942}") = "B2", "LTNC-05\B2\B2.vcxproj", "{32DC676C-2B70-4A6A-911F-7333398EFA6F}"
EndProject
Project("{8BC9CEB8-8B4A-11D0-8D11-00A0C91BC942}") = "B3", "LTNC-05\B3\B3.vcxproj", "{91797446-A685-4866-AEA2-2891E14B751B}"
EndProject
Project("{8BC9CEB8-8B4A-11D0-8D11-00A0C91BC942}") = "B4", "LTNC-05\B4\B4.vcxproj", "{B9AD7201-427E-44A9-9002-ECCA4E91C069}"
EndProject
Project("{8BC9CEB8-8B4A-11D0-8D11-00A0C91BC942}") = "B5", "LTNC-05\B5\B5.vcxproj", "{C77F55C2-1345-4A69-8D08-4776CF6421FF}"
EndProject
Project("{8BC9CEB8-8B4A-11D0-8D11-00A0C91BC942}") = "B6", "LTNC-05\B6\B6.vcxproj", "{0677D681-FE60-4D45-99E7-CCD92BCA71F0}"
EndProject
Project("{2150E333-8FDC-42A3-9474-1A3956D46DE8}") = "LTNC-06", "LTNC-06", "{DB17F592-0D99-44C7-9DD4-CA01816C15E3}"
EndProject
Project("{8BC9CEB8-8B4A-11D0-8D11-00A0C91BC942}") = "B1", "LTNC-06\B1\B1.vcxproj", "{30ED0F76-21C6-47AA-B0F0-5E5424380666}"
EndProject
Project("{8BC9CEB8-8B4A-11D0-8D11-00A0C91BC942}") = "B2", "LTNC-06\B2\B2.vcxproj", "{ACBEAD1A-2F05-4AE4-9DD6-59A72983D647}"
EndProject
Project("{8BC9CEB8-8B4A-11D0-8D11-00A0C91BC942}") = "B3", "LTNC-06\B3\B3.vcxproj", "{E328BD49-86BE-460D-ABEC-86FE4E33330E}"
EndProject
Project("{8BC9CEB8-8B4A-11D0-8D11-00A0C91BC942}") = "B4", "LTNC-06\B4\B4.vcxproj", "{1CE85E3D-BB1B-434E-AA6C-038C39336F81}"
EndProject
Project("{2150E333-8FDC-42A3-9474-1A3956D46DE8}") = "LTNC-07", "LTNC-07", "{CB4BB555-07F3-4CB6-AF5A-221A9DEB98B4}"
EndProject
Project("{8BC9CEB8-8B4A-11D0-8D11-00A0C91BC942}") = "B1", "LTNC-07\B1\B1.vcxproj", "{B38B3996-A194-4151-A2E1-741618E2AE51}"
EndProject
Project("{8BC9CEB8-8B4A-11D0-8D11-00A0C91BC942}") = "B2", "LTNC-07\B2\B2.vcxproj", "{19B3479D-F1B2-4802-B222-F8BA845FE0A9}"
EndProject
Project("{8BC9CEB8-8B4A-11D0-8D11-00A0C91BC942}") = "B3", "LTNC-07\B3\B3.vcxproj", "{A9AC2F06-8837-46EE-B8A4-5D4768000415}"
EndProject
Project("{8BC9CEB8-8B4A-11D0-8D11-00A0C91BC942}") = "B4", "LTNC-07\B4\B4.vcxproj", "{A472372D-C0C8-4871-8B41-27B1F7B88AA8}"
EndProject
Project("{2150E333-8FDC-42A3-9474-1A3956D46DE8}") = "LTNC-08", "LTNC-08", "{5AA327E6-D46F-4599-B032-62594B28F8CB}"
EndProject
Project("{8BC9CEB8-8B4A-11D0-8D11-00A0C91BC942}") = "B1.1", "LTNC-08\B1\B1.vcxproj", "{A7631DEF-C4AF-4129-B9B7-872805EEA1D8}"
EndProject
Project("{8BC9CEB8-8B4A-11D0-8D11-00A0C91BC942}") = "B1.2", "LTNC-08\B1.2\B1.2.vcxproj", "{6D49618C-4944-4626-B2C9-3AE2676FA258}"
EndProject
Project("{8BC9CEB8-8B4A-11D0-8D11-00A0C91BC942}") = "B2.1", "LTNC-08\B2.1\B2.1.vcxproj", "{518415DC-9F6A-46BE-BFF8-BD50ED72A5A3}"
EndProject
Project("{8BC9CEB8-8B4A-11D0-8D11-00A0C91BC942}") = "B2.2", "LTNC-08\B2.2\B2.2.vcxproj", "{13FFC6D8-A8C7-4B70-96D7-811FA1DDDD11}"
EndProject
Project("{8BC9CEB8-8B4A-11D0-8D11-00A0C91BC942}") = "B3", "LTNC-08\B3\B3.vcxproj", "{CCD9A20E-C0F9-44B4-91A7-1AF49A174652}"
EndProject
Project("{2150E333-8FDC-42A3-9474-1A3956D46DE8}") = "LTNC-09", "LTNC-09", "{BBDA643B-CBFA-4A3E-8A05-443E6203801B}"
EndProject
Project("{8BC9CEB8-8B4A-11D0-8D11-00A0C91BC942}") = "B20", "LTNC-09\B20\B20.vcxproj", "{D5B66019-2AB7-4036-BA9F-747E63642313}"
EndProject
Project("{8BC9CEB8-8B4A-11D0-8D11-00A0C91BC942}") = "B1", "LTNC-09\B1\B1.vcxproj", "{37B9BA9A-602C-4F7F-8C18-D82FC33D2882}"
EndProject
Project("{8BC9CEB8-8B4A-11D0-8D11-00A0C91BC942}") = "B2", "LTNC-09\B2\B2.vcxproj", "{39AB13F2-BB21-4175-81DC-7F3B35F022ED}"
EndProject
Project("{8BC9CEB8-8B4A-11D0-8D11-00A0C91BC942}") = "B3", "LTNC-09\B3\B3.vcxproj", "{BC721ABE-3F8A-40D3-B222-433B25B26377}"
EndProject
Project("{8BC9CEB8-8B4A-11D0-8D11-00A0C91BC942}") = "B4", "LTNC-09\B4\B4.vcxproj", "{CF416294-DC09-48B5-8752-F3A136C3510D}"
EndProject
Project("{8BC9CEB8-8B4A-11D0-8D11-00A0C91BC942}") = "B5", "LTNC-09\B5\B5.vcxproj", "{67AB7ED3-EF5E-4EA6-AB6E-8884C3DCDD66}"
EndProject
Project("{8BC9CEB8-8B4A-11D0-8D11-00A0C91BC942}") = "B6", "LTNC-09\B6\B6.vcxproj", "{F4AAE78C-576E-4D25-AE1F-BC0C31A6AB13}"
EndProject
Project("{8BC9CEB8-8B4A-11D0-8D11-00A0C91BC942}") = "B7", "LTNC-09\B7\B7.vcxproj", "{6D979D0C-4EA9-427E-8E89-B1B660B8FE20}"
EndProject
Project("{8BC9CEB8-8B4A-11D0-8D11-00A0C91BC942}") = "B8", "LTNC-09\B8\B8.vcxproj", "{E00D5D78-E494-4FE8-A1B2-341ED9C7BD42}"
EndProject
Project("{8BC9CEB8-8B4A-11D0-8D11-00A0C91BC942}") = "B9", "LTNC-09\B9\B9.vcxproj", "{2F85DF9D-36A2-4004-BD44-CC5EF906D556}"
EndProject
Project("{8BC9CEB8-8B4A-11D0-8D11-00A0C91BC942}") = "B10", "LTNC-09\B10\B10.vcxproj", "{D48FB752-ADFD-4529-8897-57CE54A259D9}"
EndProject
Project("{8BC9CEB8-8B4A-11D0-8D11-00A0C91BC942}") = "B11", "LTNC-09\B11\B11.vcxproj", "{FBFFA588-D44F-4477-8FBC-9BC8D8855350}"
EndProject
Project("{8BC9CEB8-8B4A-11D0-8D11-00A0C91BC942}") = "B12", "LTNC-09\B12\B12.vcxproj", "{20D0D05F-6018-4170-89F7-9EEE8A93F0AF}"
EndProject
Project("{8BC9CEB8-8B4A-11D0-8D11-00A0C91BC942}") = "B13", "LTNC-09\B13\B13.vcxproj", "{0E6A60D2-A825-45CC-BF88-408137D5A003}"
EndProject
Project("{8BC9CEB8-8B4A-11D0-8D11-00A0C91BC942}") = "B14", "LTNC-09\B14\B14.vcxproj", "{EBC22470-4241-422E-B460-16D47FF5BCF5}"
EndProject
Project("{8BC9CEB8-8B4A-11D0-8D11-00A0C91BC942}") = "B15", "LTNC-09\B15\B15.vcxproj", "{EEC9E574-9EB8-4BF4-8D2C-6477EAE2ECD5}"
EndProject
Project("{8BC9CEB8-8B4A-11D0-8D11-00A0C91BC942}") = "B16", "LTNC-09\B16\B16.vcxproj", "{7B87E6B0-B028-4E25-BE9D-243B6F25D6CD}"
EndProject
Project("{8BC9CEB8-8B4A-11D0-8D11-00A0C91BC942}") = "B17", "LTNC-09\B17\B17.vcxproj", "{ADF51DA8-EC5D-4872-971D-207460A39F69}"
EndProject
Project("{8BC9CEB8-8B4A-11D0-8D11-00A0C91BC942}") = "B18", "LTNC-09\B18\B18.vcxproj", "{70A70B33-7B0C-4A40-837F-D86C1D70CB31}"
EndProject
Project("{8BC9CEB8-8B4A-11D0-8D11-00A0C91BC942}") = "B19", "LTNC-09\B19\B19.vcxproj", "{80EFD3E0-E103-4C88-B18A-D3E63A8E31C5}"
EndProject
Project("{8BC9CEB8-8B4A-11D0-8D11-00A0C91BC942}") = "B1", "LTNC-01\B1\B1.vcxproj", "{2496E5FB-774A-4F07-8E75-336699E8E1EA}"
EndProject
Project("{8BC9CEB8-8B4A-11D0-8D11-00A0C91BC942}") = "B2", "LTNC-01\B2\B2.vcxproj", "{B7E80637-9127-4156-8795-3C2D415EA9D3}"
EndProject
Global
	GlobalSection(SolutionConfigurationPlatforms) = preSolution
		Debug|x64 = Debug|x64
		Debug|x86 = Debug|x86
		Release|x64 = Release|x64
		Release|x86 = Release|x86
	EndGlobalSection
	GlobalSection(ProjectConfigurationPlatforms) = postSolution
		{62DE3DAA-6846-4FD8-8DD9-0D35AAFBDB2E}.Debug|x64.ActiveCfg = Debug|x64
		{62DE3DAA-6846-4FD8-8DD9-0D35AAFBDB2E}.Debug|x64.Build.0 = Debug|x64
		{62DE3DAA-6846-4FD8-8DD9-0D35AAFBDB2E}.Debug|x86.ActiveCfg = Debug|Win32
		{62DE3DAA-6846-4FD8-8DD9-0D35AAFBDB2E}.Debug|x86.Build.0 = Debug|Win32
		{62DE3DAA-6846-4FD8-8DD9-0D35AAFBDB2E}.Release|x64.ActiveCfg = Release|x64
		{62DE3DAA-6846-4FD8-8DD9-0D35AAFBDB2E}.Release|x64.Build.0 = Release|x64
		{62DE3DAA-6846-4FD8-8DD9-0D35AAFBDB2E}.Release|x86.ActiveCfg = Release|Win32
		{62DE3DAA-6846-4FD8-8DD9-0D35AAFBDB2E}.Release|x86.Build.0 = Release|Win32
		{39D31E92-2202-4199-9025-698C682E94F2}.Debug|x64.ActiveCfg = Debug|x64
		{39D31E92-2202-4199-9025-698C682E94F2}.Debug|x64.Build.0 = Debug|x64
		{39D31E92-2202-4199-9025-698C682E94F2}.Debug|x86.ActiveCfg = Debug|Win32
		{39D31E92-2202-4199-9025-698C682E94F2}.Debug|x86.Build.0 = Debug|Win32
		{39D31E92-2202-4199-9025-698C682E94F2}.Release|x64.ActiveCfg = Release|x64
		{39D31E92-2202-4199-9025-698C682E94F2}.Release|x64.Build.0 = Release|x64
		{39D31E92-2202-4199-9025-698C682E94F2}.Release|x86.ActiveCfg = Release|Win32
		{39D31E92-2202-4199-9025-698C682E94F2}.Release|x86.Build.0 = Release|Win32
		{AA2C8BAA-E58E-4818-8714-CB853810E14C}.Debug|x64.ActiveCfg = Debug|x64
		{AA2C8BAA-E58E-4818-8714-CB853810E14C}.Debug|x64.Build.0 = Debug|x64
		{AA2C8BAA-E58E-4818-8714-CB853810E14C}.Debug|x86.ActiveCfg = Debug|Win32
		{AA2C8BAA-E58E-4818-8714-CB853810E14C}.Debug|x86.Build.0 = Debug|Win32
		{AA2C8BAA-E58E-4818-8714-CB853810E14C}.Release|x64.ActiveCfg = Release|x64
		{AA2C8BAA-E58E-4818-8714-CB853810E14C}.Release|x64.Build.0 = Release|x64
		{AA2C8BAA-E58E-4818-8714-CB853810E14C}.Release|x86.ActiveCfg = Release|Win32
		{AA2C8BAA-E58E-4818-8714-CB853810E14C}.Release|x86.Build.0 = Release|Win32
		{A4C24FC0-006A-4A55-A34F-773EA55590A9}.Debug|x64.ActiveCfg = Debug|x64
		{A4C24FC0-006A-4A55-A34F-773EA55590A9}.Debug|x64.Build.0 = Debug|x64
		{A4C24FC0-006A-4A55-A34F-773EA55590A9}.Debug|x86.ActiveCfg = Debug|Win32
		{A4C24FC0-006A-4A55-A34F-773EA55590A9}.Debug|x86.Build.0 = Debug|Win32
		{A4C24FC0-006A-4A55-A34F-773EA55590A9}.Release|x64.ActiveCfg = Release|x64
		{A4C24FC0-006A-4A55-A34F-773EA55590A9}.Release|x64.Build.0 = Release|x64
		{A4C24FC0-006A-4A55-A34F-773EA55590A9}.Release|x86.ActiveCfg = Release|Win32
		{A4C24FC0-006A-4A55-A34F-773EA55590A9}.Release|x86.Build.0 = Release|Win32
		{3C69AFA3-F1A7-4742-B518-E116D51C84F8}.Debug|x64.ActiveCfg = Debug|x64
		{3C69AFA3-F1A7-4742-B518-E116D51C84F8}.Debug|x64.Build.0 = Debug|x64
		{3C69AFA3-F1A7-4742-B518-E116D51C84F8}.Debug|x86.ActiveCfg = Debug|Win32
		{3C69AFA3-F1A7-4742-B518-E116D51C84F8}.Debug|x86.Build.0 = Debug|Win32
		{3C69AFA3-F1A7-4742-B518-E116D51C84F8}.Release|x64.ActiveCfg = Release|x64
		{3C69AFA3-F1A7-4742-B518-E116D51C84F8}.Release|x64.Build.0 = Release|x64
		{3C69AFA3-F1A7-4742-B518-E116D51C84F8}.Release|x86.ActiveCfg = Release|Win32
		{3C69AFA3-F1A7-4742-B518-E116D51C84F8}.Release|x86.Build.0 = Release|Win32
		{F306D158-3BF6-4A50-99B1-A85A85C603A5}.Debug|x64.ActiveCfg = Debug|x64
		{F306D158-3BF6-4A50-99B1-A85A85C603A5}.Debug|x64.Build.0 = Debug|x64
		{F306D158-3BF6-4A50-99B1-A85A85C603A5}.Debug|x86.ActiveCfg = Debug|Win32
		{F306D158-3BF6-4A50-99B1-A85A85C603A5}.Debug|x86.Build.0 = Debug|Win32
		{F306D158-3BF6-4A50-99B1-A85A85C603A5}.Release|x64.ActiveCfg = Release|x64
		{F306D158-3BF6-4A50-99B1-A85A85C603A5}.Release|x64.Build.0 = Release|x64
		{F306D158-3BF6-4A50-99B1-A85A85C603A5}.Release|x86.ActiveCfg = Release|Win32
		{F306D158-3BF6-4A50-99B1-A85A85C603A5}.Release|x86.Build.0 = Release|Win32
		{18FFEE80-2350-4D04-9179-0C66113F1A24}.Debug|x64.ActiveCfg = Debug|x64
		{18FFEE80-2350-4D04-9179-0C66113F1A24}.Debug|x64.Build.0 = Debug|x64
		{18FFEE80-2350-4D04-9179-0C66113F1A24}.Debug|x86.ActiveCfg = Debug|Win32
		{18FFEE80-2350-4D04-9179-0C66113F1A24}.Debug|x86.Build.0 = Debug|Win32
		{18FFEE80-2350-4D04-9179-0C66113F1A24}.Release|x64.ActiveCfg = Release|x64
		{18FFEE80-2350-4D04-9179-0C66113F1A24}.Release|x64.Build.0 = Release|x64
		{18FFEE80-2350-4D04-9179-0C66113F1A24}.Release|x86.ActiveCfg = Release|Win32
		{18FFEE80-2350-4D04-9179-0C66113F1A24}.Release|x86.Build.0 = Release|Win32
		{65C73898-1718-46C2-B7AA-F10AF90D3544}.Debug|x64.ActiveCfg = Debug|x64
		{65C73898-1718-46C2-B7AA-F10AF90D3544}.Debug|x64.Build.0 = Debug|x64
		{65C73898-1718-46C2-B7AA-F10AF90D3544}.Debug|x86.ActiveCfg = Debug|Win32
		{65C73898-1718-46C2-B7AA-F10AF90D3544}.Debug|x86.Build.0 = Debug|Win32
		{65C73898-1718-46C2-B7AA-F10AF90D3544}.Release|x64.ActiveCfg = Release|x64
		{65C73898-1718-46C2-B7AA-F10AF90D3544}.Release|x64.Build.0 = Release|x64
		{65C73898-1718-46C2-B7AA-F10AF90D3544}.Release|x86.ActiveCfg = Release|Win32
		{65C73898-1718-46C2-B7AA-F10AF90D3544}.Release|x86.Build.0 = Release|Win32
		{68FAD861-1D9B-44AD-A030-F3D391C61FF5}.Debug|x64.ActiveCfg = Debug|x64
		{68FAD861-1D9B-44AD-A030-F3D391C61FF5}.Debug|x64.Build.0 = Debug|x64
		{68FAD861-1D9B-44AD-A030-F3D391C61FF5}.Debug|x86.ActiveCfg = Debug|Win32
		{68FAD861-1D9B-44AD-A030-F3D391C61FF5}.Debug|x86.Build.0 = Debug|Win32
		{68FAD861-1D9B-44AD-A030-F3D391C61FF5}.Release|x64.ActiveCfg = Release|x64
		{68FAD861-1D9B-44AD-A030-F3D391C61FF5}.Release|x64.Build.0 = Release|x64
		{68FAD861-1D9B-44AD-A030-F3D391C61FF5}.Release|x86.ActiveCfg = Release|Win32
		{68FAD861-1D9B-44AD-A030-F3D391C61FF5}.Release|x86.Build.0 = Release|Win32
		{593F8F71-C7FE-4ED0-ACE4-6BEC711F45D5}.Debug|x64.ActiveCfg = Debug|x64
		{593F8F71-C7FE-4ED0-ACE4-6BEC711F45D5}.Debug|x64.Build.0 = Debug|x64
		{593F8F71-C7FE-4ED0-ACE4-6BEC711F45D5}.Debug|x86.ActiveCfg = Debug|Win32
		{593F8F71-C7FE-4ED0-ACE4-6BEC711F45D5}.Debug|x86.Build.0 = Debug|Win32
		{593F8F71-C7FE-4ED0-ACE4-6BEC711F45D5}.Release|x64.ActiveCfg = Release|x64
		{593F8F71-C7FE-4ED0-ACE4-6BEC711F45D5}.Release|x64.Build.0 = Release|x64
		{593F8F71-C7FE-4ED0-ACE4-6BEC711F45D5}.Release|x86.ActiveCfg = Release|Win32
		{593F8F71-C7FE-4ED0-ACE4-6BEC711F45D5}.Release|x86.Build.0 = Release|Win32
		{5C0024A6-0909-4168-B2A8-8E140FF5311C}.Debug|x64.ActiveCfg = Debug|x64
		{5C0024A6-0909-4168-B2A8-8E140FF5311C}.Debug|x64.Build.0 = Debug|x64
		{5C0024A6-0909-4168-B2A8-8E140FF5311C}.Debug|x86.ActiveCfg = Debug|Win32
		{5C0024A6-0909-4168-B2A8-8E140FF5311C}.Debug|x86.Build.0 = Debug|Win32
		{5C0024A6-0909-4168-B2A8-8E140FF5311C}.Release|x64.ActiveCfg = Release|x64
		{5C0024A6-0909-4168-B2A8-8E140FF5311C}.Release|x64.Build.0 = Release|x64
		{5C0024A6-0909-4168-B2A8-8E140FF5311C}.Release|x86.ActiveCfg = Release|Win32
		{5C0024A6-0909-4168-B2A8-8E140FF5311C}.Release|x86.Build.0 = Release|Win32
		{E9608BB4-CDD2-4240-97BE-E0C36F60E1B6}.Debug|x64.ActiveCfg = Debug|x64
		{E9608BB4-CDD2-4240-97BE-E0C36F60E1B6}.Debug|x64.Build.0 = Debug|x64
		{E9608BB4-CDD2-4240-97BE-E0C36F60E1B6}.Debug|x86.ActiveCfg = Debug|Win32
		{E9608BB4-CDD2-4240-97BE-E0C36F60E1B6}.Debug|x86.Build.0 = Debug|Win32
		{E9608BB4-CDD2-4240-97BE-E0C36F60E1B6}.Release|x64.ActiveCfg = Release|x64
		{E9608BB4-CDD2-4240-97BE-E0C36F60E1B6}.Release|x64.Build.0 = Release|x64
		{E9608BB4-CDD2-4240-97BE-E0C36F60E1B6}.Release|x86.ActiveCfg = Release|Win32
		{E9608BB4-CDD2-4240-97BE-E0C36F60E1B6}.Release|x86.Build.0 = Release|Win32
		{139B8FA4-51C4-4B96-A857-01C162F5AA7E}.Debug|x64.ActiveCfg = Debug|x64
		{139B8FA4-51C4-4B96-A857-01C162F5AA7E}.Debug|x64.Build.0 = Debug|x64
		{139B8FA4-51C4-4B96-A857-01C162F5AA7E}.Debug|x86.ActiveCfg = Debug|Win32
		{139B8FA4-51C4-4B96-A857-01C162F5AA7E}.Debug|x86.Build.0 = Debug|Win32
		{139B8FA4-51C4-4B96-A857-01C162F5AA7E}.Release|x64.ActiveCfg = Release|x64
		{139B8FA4-51C4-4B96-A857-01C162F5AA7E}.Release|x64.Build.0 = Release|x64
		{139B8FA4-51C4-4B96-A857-01C162F5AA7E}.Release|x86.ActiveCfg = Release|Win32
		{139B8FA4-51C4-4B96-A857-01C162F5AA7E}.Release|x86.Build.0 = Release|Win32
		{316BC46E-9CAE-40AB-BCAE-F6296B482DB0}.Debug|x64.ActiveCfg = Debug|x64
		{316BC46E-9CAE-40AB-BCAE-F6296B482DB0}.Debug|x64.Build.0 = Debug|x64
		{316BC46E-9CAE-40AB-BCAE-F6296B482DB0}.Debug|x86.ActiveCfg = Debug|Win32
		{316BC46E-9CAE-40AB-BCAE-F6296B482DB0}.Debug|x86.Build.0 = Debug|Win32
		{316BC46E-9CAE-40AB-BCAE-F6296B482DB0}.Release|x64.ActiveCfg = Release|x64
		{316BC46E-9CAE-40AB-BCAE-F6296B482DB0}.Release|x64.Build.0 = Release|x64
		{316BC46E-9CAE-40AB-BCAE-F6296B482DB0}.Release|x86.ActiveCfg = Release|Win32
		{316BC46E-9CAE-40AB-BCAE-F6296B482DB0}.Release|x86.Build.0 = Release|Win32
		{19A0670C-2EA3-4F42-AF1D-D8DFE8DBDE2F}.Debug|x64.ActiveCfg = Debug|x64
		{19A0670C-2EA3-4F42-AF1D-D8DFE8DBDE2F}.Debug|x64.Build.0 = Debug|x64
		{19A0670C-2EA3-4F42-AF1D-D8DFE8DBDE2F}.Debug|x86.ActiveCfg = Debug|Win32
		{19A0670C-2EA3-4F42-AF1D-D8DFE8DBDE2F}.Debug|x86.Build.0 = Debug|Win32
		{19A0670C-2EA3-4F42-AF1D-D8DFE8DBDE2F}.Release|x64.ActiveCfg = Release|x64
		{19A0670C-2EA3-4F42-AF1D-D8DFE8DBDE2F}.Release|x64.Build.0 = Release|x64
		{19A0670C-2EA3-4F42-AF1D-D8DFE8DBDE2F}.Release|x86.ActiveCfg = Release|Win32
		{19A0670C-2EA3-4F42-AF1D-D8DFE8DBDE2F}.Release|x86.Build.0 = Release|Win32
		{B0DF1B58-E10D-4853-89FB-605B80038508}.Debug|x64.ActiveCfg = Debug|x64
		{B0DF1B58-E10D-4853-89FB-605B80038508}.Debug|x64.Build.0 = Debug|x64
		{B0DF1B58-E10D-4853-89FB-605B80038508}.Debug|x86.ActiveCfg = Debug|Win32
		{B0DF1B58-E10D-4853-89FB-605B80038508}.Debug|x86.Build.0 = Debug|Win32
		{B0DF1B58-E10D-4853-89FB-605B80038508}.Release|x64.ActiveCfg = Release|x64
		{B0DF1B58-E10D-4853-89FB-605B80038508}.Release|x64.Build.0 = Release|x64
		{B0DF1B58-E10D-4853-89FB-605B80038508}.Release|x86.ActiveCfg = Release|Win32
		{B0DF1B58-E10D-4853-89FB-605B80038508}.Release|x86.Build.0 = Release|Win32
		{3BD6F3F0-115A-40E2-9DA9-9C5F89DA630F}.Debug|x64.ActiveCfg = Debug|x64
		{3BD6F3F0-115A-40E2-9DA9-9C5F89DA630F}.Debug|x64.Build.0 = Debug|x64
		{3BD6F3F0-115A-40E2-9DA9-9C5F89DA630F}.Debug|x86.ActiveCfg = Debug|Win32
		{3BD6F3F0-115A-40E2-9DA9-9C5F89DA630F}.Debug|x86.Build.0 = Debug|Win32
		{3BD6F3F0-115A-40E2-9DA9-9C5F89DA630F}.Release|x64.ActiveCfg = Release|x64
		{3BD6F3F0-115A-40E2-9DA9-9C5F89DA630F}.Release|x64.Build.0 = Release|x64
		{3BD6F3F0-115A-40E2-9DA9-9C5F89DA630F}.Release|x86.ActiveCfg = Release|Win32
		{3BD6F3F0-115A-40E2-9DA9-9C5F89DA630F}.Release|x86.Build.0 = Release|Win32
		{ED988912-8737-4736-BC28-27E6B61A9B09}.Debug|x64.ActiveCfg = Debug|x64
		{ED988912-8737-4736-BC28-27E6B61A9B09}.Debug|x64.Build.0 = Debug|x64
		{ED988912-8737-4736-BC28-27E6B61A9B09}.Debug|x86.ActiveCfg = Debug|Win32
		{ED988912-8737-4736-BC28-27E6B61A9B09}.Debug|x86.Build.0 = Debug|Win32
		{ED988912-8737-4736-BC28-27E6B61A9B09}.Release|x64.ActiveCfg = Release|x64
		{ED988912-8737-4736-BC28-27E6B61A9B09}.Release|x64.Build.0 = Release|x64
		{ED988912-8737-4736-BC28-27E6B61A9B09}.Release|x86.ActiveCfg = Release|Win32
		{ED988912-8737-4736-BC28-27E6B61A9B09}.Release|x86.Build.0 = Release|Win32
		{E8C11B4C-25EE-40CF-ACB4-267194C2F1CB}.Debug|x64.ActiveCfg = Debug|x64
		{E8C11B4C-25EE-40CF-ACB4-267194C2F1CB}.Debug|x64.Build.0 = Debug|x64
		{E8C11B4C-25EE-40CF-ACB4-267194C2F1CB}.Debug|x86.ActiveCfg = Debug|Win32
		{E8C11B4C-25EE-40CF-ACB4-267194C2F1CB}.Debug|x86.Build.0 = Debug|Win32
		{E8C11B4C-25EE-40CF-ACB4-267194C2F1CB}.Release|x64.ActiveCfg = Release|x64
		{E8C11B4C-25EE-40CF-ACB4-267194C2F1CB}.Release|x64.Build.0 = Release|x64
		{E8C11B4C-25EE-40CF-ACB4-267194C2F1CB}.Release|x86.ActiveCfg = Release|Win32
		{E8C11B4C-25EE-40CF-ACB4-267194C2F1CB}.Release|x86.Build.0 = Release|Win32
		{20A9C88C-6501-490E-8D7A-78BB232D1BE4}.Debug|x64.ActiveCfg = Debug|x64
		{20A9C88C-6501-490E-8D7A-78BB232D1BE4}.Debug|x64.Build.0 = Debug|x64
		{20A9C88C-6501-490E-8D7A-78BB232D1BE4}.Debug|x86.ActiveCfg = Debug|Win32
		{20A9C88C-6501-490E-8D7A-78BB232D1BE4}.Debug|x86.Build.0 = Debug|Win32
		{20A9C88C-6501-490E-8D7A-78BB232D1BE4}.Release|x64.ActiveCfg = Release|x64
		{20A9C88C-6501-490E-8D7A-78BB232D1BE4}.Release|x64.Build.0 = Release|x64
		{20A9C88C-6501-490E-8D7A-78BB232D1BE4}.Release|x86.ActiveCfg = Release|Win32
		{20A9C88C-6501-490E-8D7A-78BB232D1BE4}.Release|x86.Build.0 = Release|Win32
		{C7CBEBBA-D8E5-4FB7-AD1D-C5EBCF7115A1}.Debug|x64.ActiveCfg = Debug|x64
		{C7CBEBBA-D8E5-4FB7-AD1D-C5EBCF7115A1}.Debug|x64.Build.0 = Debug|x64
		{C7CBEBBA-D8E5-4FB7-AD1D-C5EBCF7115A1}.Debug|x86.ActiveCfg = Debug|Win32
		{C7CBEBBA-D8E5-4FB7-AD1D-C5EBCF7115A1}.Debug|x86.Build.0 = Debug|Win32
		{C7CBEBBA-D8E5-4FB7-AD1D-C5EBCF7115A1}.Release|x64.ActiveCfg = Release|x64
		{C7CBEBBA-D8E5-4FB7-AD1D-C5EBCF7115A1}.Release|x64.Build.0 = Release|x64
		{C7CBEBBA-D8E5-4FB7-AD1D-C5EBCF7115A1}.Release|x86.ActiveCfg = Release|Win32
		{C7CBEBBA-D8E5-4FB7-AD1D-C5EBCF7115A1}.Release|x86.Build.0 = Release|Win32
		{7B54533C-6031-4F76-B47B-FBA8C7BC80D9}.Debug|x64.ActiveCfg = Debug|x64
		{7B54533C-6031-4F76-B47B-FBA8C7BC80D9}.Debug|x64.Build.0 = Debug|x64
		{7B54533C-6031-4F76-B47B-FBA8C7BC80D9}.Debug|x86.ActiveCfg = Debug|Win32
		{7B54533C-6031-4F76-B47B-FBA8C7BC80D9}.Debug|x86.Build.0 = Debug|Win32
		{7B54533C-6031-4F76-B47B-FBA8C7BC80D9}.Release|x64.ActiveCfg = Release|x64
		{7B54533C-6031-4F76-B47B-FBA8C7BC80D9}.Release|x64.Build.0 = Release|x64
		{7B54533C-6031-4F76-B47B-FBA8C7BC80D9}.Release|x86.ActiveCfg = Release|Win32
		{7B54533C-6031-4F76-B47B-FBA8C7BC80D9}.Release|x86.Build.0 = Release|Win32
		{AF056B4A-73B5-4AB7-A7B1-1C4180AAB122}.Debug|x64.ActiveCfg = Debug|x64
		{AF056B4A-73B5-4AB7-A7B1-1C4180AAB122}.Debug|x64.Build.0 = Debug|x64
		{AF056B4A-73B5-4AB7-A7B1-1C4180AAB122}.Debug|x86.ActiveCfg = Debug|Win32
		{AF056B4A-73B5-4AB7-A7B1-1C4180AAB122}.Debug|x86.Build.0 = Debug|Win32
		{AF056B4A-73B5-4AB7-A7B1-1C4180AAB122}.Release|x64.ActiveCfg = Release|x64
		{AF056B4A-73B5-4AB7-A7B1-1C4180AAB122}.Release|x64.Build.0 = Release|x64
		{AF056B4A-73B5-4AB7-A7B1-1C4180AAB122}.Release|x86.ActiveCfg = Release|Win32
		{AF056B4A-73B5-4AB7-A7B1-1C4180AAB122}.Release|x86.Build.0 = Release|Win32
		{32DC676C-2B70-4A6A-911F-7333398EFA6F}.Debug|x64.ActiveCfg = Debug|x64
		{32DC676C-2B70-4A6A-911F-7333398EFA6F}.Debug|x64.Build.0 = Debug|x64
		{32DC676C-2B70-4A6A-911F-7333398EFA6F}.Debug|x86.ActiveCfg = Debug|Win32
		{32DC676C-2B70-4A6A-911F-7333398EFA6F}.Debug|x86.Build.0 = Debug|Win32
		{32DC676C-2B70-4A6A-911F-7333398EFA6F}.Release|x64.ActiveCfg = Release|x64
		{32DC676C-2B70-4A6A-911F-7333398EFA6F}.Release|x64.Build.0 = Release|x64
		{32DC676C-2B70-4A6A-911F-7333398EFA6F}.Release|x86.ActiveCfg = Release|Win32
		{32DC676C-2B70-4A6A-911F-7333398EFA6F}.Release|x86.Build.0 = Release|Win32
		{91797446-A685-4866-AEA2-2891E14B751B}.Debug|x64.ActiveCfg = Debug|x64
		{91797446-A685-4866-AEA2-2891E14B751B}.Debug|x64.Build.0 = Debug|x64
		{91797446-A685-4866-AEA2-2891E14B751B}.Debug|x86.ActiveCfg = Debug|Win32
		{91797446-A685-4866-AEA2-2891E14B751B}.Debug|x86.Build.0 = Debug|Win32
		{91797446-A685-4866-AEA2-2891E14B751B}.Release|x64.ActiveCfg = Release|x64
		{91797446-A685-4866-AEA2-2891E14B751B}.Release|x64.Build.0 = Release|x64
		{91797446-A685-4866-AEA2-2891E14B751B}.Release|x86.ActiveCfg = Release|Win32
		{91797446-A685-4866-AEA2-2891E14B751B}.Release|x86.Build.0 = Release|Win32
		{B9AD7201-427E-44A9-9002-ECCA4E91C069}.Debug|x64.ActiveCfg = Debug|x64
		{B9AD7201-427E-44A9-9002-ECCA4E91C069}.Debug|x64.Build.0 = Debug|x64
		{B9AD7201-427E-44A9-9002-ECCA4E91C069}.Debug|x86.ActiveCfg = Debug|Win32
		{B9AD7201-427E-44A9-9002-ECCA4E91C069}.Debug|x86.Build.0 = Debug|Win32
		{B9AD7201-427E-44A9-9002-ECCA4E91C069}.Release|x64.ActiveCfg = Release|x64
		{B9AD7201-427E-44A9-9002-ECCA4E91C069}.Release|x64.Build.0 = Release|x64
		{B9AD7201-427E-44A9-9002-ECCA4E91C069}.Release|x86.ActiveCfg = Release|Win32
		{B9AD7201-427E-44A9-9002-ECCA4E91C069}.Release|x86.Build.0 = Release|Win32
		{C77F55C2-1345-4A69-8D08-4776CF6421FF}.Debug|x64.ActiveCfg = Debug|x64
		{C77F55C2-1345-4A69-8D08-4776CF6421FF}.Debug|x64.Build.0 = Debug|x64
		{C77F55C2-1345-4A69-8D08-4776CF6421FF}.Debug|x86.ActiveCfg = Debug|Win32
		{C77F55C2-1345-4A69-8D08-4776CF6421FF}.Debug|x86.Build.0 = Debug|Win32
		{C77F55C2-1345-4A69-8D08-4776CF6421FF}.Release|x64.ActiveCfg = Release|x64
		{C77F55C2-1345-4A69-8D08-4776CF6421FF}.Release|x64.Build.0 = Release|x64
		{C77F55C2-1345-4A69-8D08-4776CF6421FF}.Release|x86.ActiveCfg = Release|Win32
		{C77F55C2-1345-4A69-8D08-4776CF6421FF}.Release|x86.Build.0 = Release|Win32
		{0677D681-FE60-4D45-99E7-CCD92BCA71F0}.Debug|x64.ActiveCfg = Debug|x64
		{0677D681-FE60-4D45-99E7-CCD92BCA71F0}.Debug|x64.Build.0 = Debug|x64
		{0677D681-FE60-4D45-99E7-CCD92BCA71F0}.Debug|x86.ActiveCfg = Debug|Win32
		{0677D681-FE60-4D45-99E7-CCD92BCA71F0}.Debug|x86.Build.0 = Debug|Win32
		{0677D681-FE60-4D45-99E7-CCD92BCA71F0}.Release|x64.ActiveCfg = Release|x64
		{0677D681-FE60-4D45-99E7-CCD92BCA71F0}.Release|x64.Build.0 = Release|x64
		{0677D681-FE60-4D45-99E7-CCD92BCA71F0}.Release|x86.ActiveCfg = Release|Win32
		{0677D681-FE60-4D45-99E7-CCD92BCA71F0}.Release|x86.Build.0 = Release|Win32
		{30ED0F76-21C6-47AA-B0F0-5E5424380666}.Debug|x64.ActiveCfg = Debug|x64
		{30ED0F76-21C6-47AA-B0F0-5E5424380666}.Debug|x64.Build.0 = Debug|x64
		{30ED0F76-21C6-47AA-B0F0-5E5424380666}.Debug|x86.ActiveCfg = Debug|Win32
		{30ED0F76-21C6-47AA-B0F0-5E5424380666}.Debug|x86.Build.0 = Debug|Win32
		{30ED0F76-21C6-47AA-B0F0-5E5424380666}.Release|x64.ActiveCfg = Release|x64
		{30ED0F76-21C6-47AA-B0F0-5E5424380666}.Release|x64.Build.0 = Release|x64
		{30ED0F76-21C6-47AA-B0F0-5E5424380666}.Release|x86.ActiveCfg = Release|Win32
		{30ED0F76-21C6-47AA-B0F0-5E5424380666}.Release|x86.Build.0 = Release|Win32
		{ACBEAD1A-2F05-4AE4-9DD6-59A72983D647}.Debug|x64.ActiveCfg = Debug|x64
		{ACBEAD1A-2F05-4AE4-9DD6-59A72983D647}.Debug|x64.Build.0 = Debug|x64
		{ACBEAD1A-2F05-4AE4-9DD6-59A72983D647}.Debug|x86.ActiveCfg = Debug|Win32
		{ACBEAD1A-2F05-4AE4-9DD6-59A72983D647}.Debug|x86.Build.0 = Debug|Win32
		{ACBEAD1A-2F05-4AE4-9DD6-59A72983D647}.Release|x64.ActiveCfg = Release|x64
		{ACBEAD1A-2F05-4AE4-9DD6-59A72983D647}.Release|x64.Build.0 = Release|x64
		{ACBEAD1A-2F05-4AE4-9DD6-59A72983D647}.Release|x86.ActiveCfg = Release|Win32
		{ACBEAD1A-2F05-4AE4-9DD6-59A72983D647}.Release|x86.Build.0 = Release|Win32
		{E328BD49-86BE-460D-ABEC-86FE4E33330E}.Debug|x64.ActiveCfg = Debug|x64
		{E328BD49-86BE-460D-ABEC-86FE4E33330E}.Debug|x64.Build.0 = Debug|x64
		{E328BD49-86BE-460D-ABEC-86FE4E33330E}.Debug|x86.ActiveCfg = Debug|Win32
		{E328BD49-86BE-460D-ABEC-86FE4E33330E}.Debug|x86.Build.0 = Debug|Win32
		{E328BD49-86BE-460D-ABEC-86FE4E33330E}.Release|x64.ActiveCfg = Release|x64
		{E328BD49-86BE-460D-ABEC-86FE4E33330E}.Release|x64.Build.0 = Release|x64
		{E328BD49-86BE-460D-ABEC-86FE4E33330E}.Release|x86.ActiveCfg = Release|Win32
		{E328BD49-86BE-460D-ABEC-86FE4E33330E}.Release|x86.Build.0 = Release|Win32
		{1CE85E3D-BB1B-434E-AA6C-038C39336F81}.Debug|x64.ActiveCfg = Debug|x64
		{1CE85E3D-BB1B-434E-AA6C-038C39336F81}.Debug|x64.Build.0 = Debug|x64
		{1CE85E3D-BB1B-434E-AA6C-038C39336F81}.Debug|x86.ActiveCfg = Debug|Win32
		{1CE85E3D-BB1B-434E-AA6C-038C39336F81}.Debug|x86.Build.0 = Debug|Win32
		{1CE85E3D-BB1B-434E-AA6C-038C39336F81}.Release|x64.ActiveCfg = Release|x64
		{1CE85E3D-BB1B-434E-AA6C-038C39336F81}.Release|x64.Build.0 = Release|x64
		{1CE85E3D-BB1B-434E-AA6C-038C39336F81}.Release|x86.ActiveCfg = Release|Win32
		{1CE85E3D-BB1B-434E-AA6C-038C39336F81}.Release|x86.Build.0 = Release|Win32
		{B38B3996-A194-4151-A2E1-741618E2AE51}.Debug|x64.ActiveCfg = Debug|x64
		{B38B3996-A194-4151-A2E1-741618E2AE51}.Debug|x64.Build.0 = Debug|x64
		{B38B3996-A194-4151-A2E1-741618E2AE51}.Debug|x86.ActiveCfg = Debug|Win32
		{B38B3996-A194-4151-A2E1-741618E2AE51}.Debug|x86.Build.0 = Debug|Win32
		{B38B3996-A194-4151-A2E1-741618E2AE51}.Release|x64.ActiveCfg = Release|x64
		{B38B3996-A194-4151-A2E1-741618E2AE51}.Release|x64.Build.0 = Release|x64
		{B38B3996-A194-4151-A2E1-741618E2AE51}.Release|x86.ActiveCfg = Release|Win32
		{B38B3996-A194-4151-A2E1-741618E2AE51}.Release|x86.Build.0 = Release|Win32
		{19B3479D-F1B2-4802-B222-F8BA845FE0A9}.Debug|x64.ActiveCfg = Debug|x64
		{19B3479D-F1B2-4802-B222-F8BA845FE0A9}.Debug|x64.Build.0 = Debug|x64
		{19B3479D-F1B2-4802-B222-F8BA845FE0A9}.Debug|x86.ActiveCfg = Debug|Win32
		{19B3479D-F1B2-4802-B222-F8BA845FE0A9}.Debug|x86.Build.0 = Debug|Win32
		{19B3479D-F1B2-4802-B222-F8BA845FE0A9}.Release|x64.ActiveCfg = Release|x64
		{19B3479D-F1B2-4802-B222-F8BA845FE0A9}.Release|x64.Build.0 = Release|x64
		{19B3479D-F1B2-4802-B222-F8BA845FE0A9}.Release|x86.ActiveCfg = Release|Win32
		{19B3479D-F1B2-4802-B222-F8BA845FE0A9}.Release|x86.Build.0 = Release|Win32
		{A9AC2F06-8837-46EE-B8A4-5D4768000415}.Debug|x64.ActiveCfg = Debug|x64
		{A9AC2F06-8837-46EE-B8A4-5D4768000415}.Debug|x64.Build.0 = Debug|x64
		{A9AC2F06-8837-46EE-B8A4-5D4768000415}.Debug|x86.ActiveCfg = Debug|Win32
		{A9AC2F06-8837-46EE-B8A4-5D4768000415}.Debug|x86.Build.0 = Debug|Win32
		{A9AC2F06-8837-46EE-B8A4-5D4768000415}.Release|x64.ActiveCfg = Release|x64
		{A9AC2F06-8837-46EE-B8A4-5D4768000415}.Release|x64.Build.0 = Release|x64
		{A9AC2F06-8837-46EE-B8A4-5D4768000415}.Release|x86.ActiveCfg = Release|Win32
		{A9AC2F06-8837-46EE-B8A4-5D4768000415}.Release|x86.Build.0 = Release|Win32
		{A472372D-C0C8-4871-8B41-27B1F7B88AA8}.Debug|x64.ActiveCfg = Debug|x64
		{A472372D-C0C8-4871-8B41-27B1F7B88AA8}.Debug|x64.Build.0 = Debug|x64
		{A472372D-C0C8-4871-8B41-27B1F7B88AA8}.Debug|x86.ActiveCfg = Debug|Win32
		{A472372D-C0C8-4871-8B41-27B1F7B88AA8}.Debug|x86.Build.0 = Debug|Win32
		{A472372D-C0C8-4871-8B41-27B1F7B88AA8}.Release|x64.ActiveCfg = Release|x64
		{A472372D-C0C8-4871-8B41-27B1F7B88AA8}.Release|x64.Build.0 = Release|x64
		{A472372D-C0C8-4871-8B41-27B1F7B88AA8}.Release|x86.ActiveCfg = Release|Win32
		{A472372D-C0C8-4871-8B41-27B1F7B88AA8}.Release|x86.Build.0 = Release|Win32
		{A7631DEF-C4AF-4129-B9B7-872805EEA1D8}.Debug|x64.ActiveCfg = Debug|x64
		{A7631DEF-C4AF-4129-B9B7-872805EEA1D8}.Debug|x64.Build.0 = Debug|x64
		{A7631DEF-C4AF-4129-B9B7-872805EEA1D8}.Debug|x86.ActiveCfg = Debug|Win32
		{A7631DEF-C4AF-4129-B9B7-872805EEA1D8}.Debug|x86.Build.0 = Debug|Win32
		{A7631DEF-C4AF-4129-B9B7-872805EEA1D8}.Release|x64.ActiveCfg = Release|x64
		{A7631DEF-C4AF-4129-B9B7-872805EEA1D8}.Release|x64.Build.0 = Release|x64
		{A7631DEF-C4AF-4129-B9B7-872805EEA1D8}.Release|x86.ActiveCfg = Release|Win32
		{A7631DEF-C4AF-4129-B9B7-872805EEA1D8}.Release|x86.Build.0 = Release|Win32
		{6D49618C-4944-4626-B2C9-3AE2676FA258}.Debug|x64.ActiveCfg = Debug|x64
		{6D49618C-4944-4626-B2C9-3AE2676FA258}.Debug|x64.Build.0 = Debug|x64
		{6D49618C-4944-4626-B2C9-3AE2676FA258}.Debug|x86.ActiveCfg = Debug|Win32
		{6D49618C-4944-4626-B2C9-3AE2676FA258}.Debug|x86.Build.0 = Debug|Win32
		{6D49618C-4944-4626-B2C9-3AE2676FA258}.Release|x64.ActiveCfg = Release|x64
		{6D49618C-4944-4626-B2C9-3AE2676FA258}.Release|x64.Build.0 = Release|x64
		{6D49618C-4944-4626-B2C9-3AE2676FA258}.Release|x86.ActiveCfg = Release|Win32
		{6D49618C-4944-4626-B2C9-3AE2676FA258}.Release|x86.Build.0 = Release|Win32
		{518415DC-9F6A-46BE-BFF8-BD50ED72A5A3}.Debug|x64.ActiveCfg = Debug|x64
		{518415DC-9F6A-46BE-BFF8-BD50ED72A5A3}.Debug|x64.Build.0 = Debug|x64
		{518415DC-9F6A-46BE-BFF8-BD50ED72A5A3}.Debug|x86.ActiveCfg = Debug|Win32
		{518415DC-9F6A-46BE-BFF8-BD50ED72A5A3}.Debug|x86.Build.0 = Debug|Win32
		{518415DC-9F6A-46BE-BFF8-BD50ED72A5A3}.Release|x64.ActiveCfg = Release|x64
		{518415DC-9F6A-46BE-BFF8-BD50ED72A5A3}.Release|x64.Build.0 = Release|x64
		{518415DC-9F6A-46BE-BFF8-BD50ED72A5A3}.Release|x86.ActiveCfg = Release|Win32
		{518415DC-9F6A-46BE-BFF8-BD50ED72A5A3}.Release|x86.Build.0 = Release|Win32
		{13FFC6D8-A8C7-4B70-96D7-811FA1DDDD11}.Debug|x64.ActiveCfg = Debug|x64
		{13FFC6D8-A8C7-4B70-96D7-811FA1DDDD11}.Debug|x64.Build.0 = Debug|x64
		{13FFC6D8-A8C7-4B70-96D7-811FA1DDDD11}.Debug|x86.ActiveCfg = Debug|Win32
		{13FFC6D8-A8C7-4B70-96D7-811FA1DDDD11}.Debug|x86.Build.0 = Debug|Win32
		{13FFC6D8-A8C7-4B70-96D7-811FA1DDDD11}.Release|x64.ActiveCfg = Release|x64
		{13FFC6D8-A8C7-4B70-96D7-811FA1DDDD11}.Release|x64.Build.0 = Release|x64
		{13FFC6D8-A8C7-4B70-96D7-811FA1DDDD11}.Release|x86.ActiveCfg = Release|Win32
		{13FFC6D8-A8C7-4B70-96D7-811FA1DDDD11}.Release|x86.Build.0 = Release|Win32
		{CCD9A20E-C0F9-44B4-91A7-1AF49A174652}.Debug|x64.ActiveCfg = Debug|x64
		{CCD9A20E-C0F9-44B4-91A7-1AF49A174652}.Debug|x64.Build.0 = Debug|x64
		{CCD9A20E-C0F9-44B4-91A7-1AF49A174652}.Debug|x86.ActiveCfg = Debug|Win32
		{CCD9A20E-C0F9-44B4-91A7-1AF49A174652}.Debug|x86.Build.0 = Debug|Win32
		{CCD9A20E-C0F9-44B4-91A7-1AF49A174652}.Release|x64.ActiveCfg = Release|x64
		{CCD9A20E-C0F9-44B4-91A7-1AF49A174652}.Release|x64.Build.0 = Release|x64
		{CCD9A20E-C0F9-44B4-91A7-1AF49A174652}.Release|x86.ActiveCfg = Release|Win32
		{CCD9A20E-C0F9-44B4-91A7-1AF49A174652}.Release|x86.Build.0 = Release|Win32
		{D5B66019-2AB7-4036-BA9F-747E63642313}.Debug|x64.ActiveCfg = Debug|x64
		{D5B66019-2AB7-4036-BA9F-747E63642313}.Debug|x64.Build.0 = Debug|x64
		{D5B66019-2AB7-4036-BA9F-747E63642313}.Debug|x86.ActiveCfg = Debug|Win32
		{D5B66019-2AB7-4036-BA9F-747E63642313}.Debug|x86.Build.0 = Debug|Win32
		{D5B66019-2AB7-4036-BA9F-747E63642313}.Release|x64.ActiveCfg = Release|x64
		{D5B66019-2AB7-4036-BA9F-747E63642313}.Release|x64.Build.0 = Release|x64
		{D5B66019-2AB7-4036-BA9F-747E63642313}.Release|x86.ActiveCfg = Release|Win32
		{D5B66019-2AB7-4036-BA9F-747E63642313}.Release|x86.Build.0 = Release|Win32
		{37B9BA9A-602C-4F7F-8C18-D82FC33D2882}.Debug|x64.ActiveCfg = Debug|x64
		{37B9BA9A-602C-4F7F-8C18-D82FC33D2882}.Debug|x64.Build.0 = Debug|x64
		{37B9BA9A-602C-4F7F-8C18-D82FC33D2882}.Debug|x86.ActiveCfg = Debug|Win32
		{37B9BA9A-602C-4F7F-8C18-D82FC33D2882}.Debug|x86.Build.0 = Debug|Win32
		{37B9BA9A-602C-4F7F-8C18-D82FC33D2882}.Release|x64.ActiveCfg = Release|x64
		{37B9BA9A-602C-4F7F-8C18-D82FC33D2882}.Release|x64.Build.0 = Release|x64
		{37B9BA9A-602C-4F7F-8C18-D82FC33D2882}.Release|x86.ActiveCfg = Release|Win32
		{37B9BA9A-602C-4F7F-8C18-D82FC33D2882}.Release|x86.Build.0 = Release|Win32
		{39AB13F2-BB21-4175-81DC-7F3B35F022ED}.Debug|x64.ActiveCfg = Debug|x64
		{39AB13F2-BB21-4175-81DC-7F3B35F022ED}.Debug|x64.Build.0 = Debug|x64
		{39AB13F2-BB21-4175-81DC-7F3B35F022ED}.Debug|x86.ActiveCfg = Debug|Win32
		{39AB13F2-BB21-4175-81DC-7F3B35F022ED}.Debug|x86.Build.0 = Debug|Win32
		{39AB13F2-BB21-4175-81DC-7F3B35F022ED}.Release|x64.ActiveCfg = Release|x64
		{39AB13F2-BB21-4175-81DC-7F3B35F022ED}.Release|x64.Build.0 = Release|x64
		{39AB13F2-BB21-4175-81DC-7F3B35F022ED}.Release|x86.ActiveCfg = Release|Win32
		{39AB13F2-BB21-4175-81DC-7F3B35F022ED}.Release|x86.Build.0 = Release|Win32
		{BC721ABE-3F8A-40D3-B222-433B25B26377}.Debug|x64.ActiveCfg = Debug|x64
		{BC721ABE-3F8A-40D3-B222-433B25B26377}.Debug|x64.Build.0 = Debug|x64
		{BC721ABE-3F8A-40D3-B222-433B25B26377}.Debug|x86.ActiveCfg = Debug|Win32
		{BC721ABE-3F8A-40D3-B222-433B25B26377}.Debug|x86.Build.0 = Debug|Win32
		{BC721ABE-3F8A-40D3-B222-433B25B26377}.Release|x64.ActiveCfg = Release|x64
		{BC721ABE-3F8A-40D3-B222-433B25B26377}.Release|x64.Build.0 = Release|x64
		{BC721ABE-3F8A-40D3-B222-433B25B26377}.Release|x86.ActiveCfg = Release|Win32
		{BC721ABE-3F8A-40D3-B222-433B25B26377}.Release|x86.Build.0 = Release|Win32
		{CF416294-DC09-48B5-8752-F3A136C3510D}.Debug|x64.ActiveCfg = Debug|x64
		{CF416294-DC09-48B5-8752-F3A136C3510D}.Debug|x64.Build.0 = Debug|x64
		{CF416294-DC09-48B5-8752-F3A136C3510D}.Debug|x86.ActiveCfg = Debug|Win32
		{CF416294-DC09-48B5-8752-F3A136C3510D}.Debug|x86.Build.0 = Debug|Win32
		{CF416294-DC09-48B5-8752-F3A136C3510D}.Release|x64.ActiveCfg = Release|x64
		{CF416294-DC09-48B5-8752-F3A136C3510D}.Release|x64.Build.0 = Release|x64
		{CF416294-DC09-48B5-8752-F3A136C3510D}.Release|x86.ActiveCfg = Release|Win32
		{CF416294-DC09-48B5-8752-F3A136C3510D}.Release|x86.Build.0 = Release|Win32
		{67AB7ED3-EF5E-4EA6-AB6E-8884C3DCDD66}.Debug|x64.ActiveCfg = Debug|x64
		{67AB7ED3-EF5E-4EA6-AB6E-8884C3DCDD66}.Debug|x64.Build.0 = Debug|x64
		{67AB7ED3-EF5E-4EA6-AB6E-8884C3DCDD66}.Debug|x86.ActiveCfg = Debug|Win32
		{67AB7ED3-EF5E-4EA6-AB6E-8884C3DCDD66}.Debug|x86.Build.0 = Debug|Win32
		{67AB7ED3-EF5E-4EA6-AB6E-8884C3DCDD66}.Release|x64.ActiveCfg = Release|x64
		{67AB7ED3-EF5E-4EA6-AB6E-8884C3DCDD66}.Release|x64.Build.0 = Release|x64
		{67AB7ED3-EF5E-4EA6-AB6E-8884C3DCDD66}.Release|x86.ActiveCfg = Release|Win32
		{67AB7ED3-EF5E-4EA6-AB6E-8884C3DCDD66}.Release|x86.Build.0 = Release|Win32
		{F4AAE78C-576E-4D25-AE1F-BC0C31A6AB13}.Debug|x64.ActiveCfg = Debug|x64
		{F4AAE78C-576E-4D25-AE1F-BC0C31A6AB13}.Debug|x64.Build.0 = Debug|x64
		{F4AAE78C-576E-4D25-AE1F-BC0C31A6AB13}.Debug|x86.ActiveCfg = Debug|Win32
		{F4AAE78C-576E-4D25-AE1F-BC0C31A6AB13}.Debug|x86.Build.0 = Debug|Win32
		{F4AAE78C-576E-4D25-AE1F-BC0C31A6AB13}.Release|x64.ActiveCfg = Release|x64
		{F4AAE78C-576E-4D25-AE1F-BC0C31A6AB13}.Release|x64.Build.0 = Release|x64
		{F4AAE78C-576E-4D25-AE1F-BC0C31A6AB13}.Release|x86.ActiveCfg = Release|Win32
		{F4AAE78C-576E-4D25-AE1F-BC0C31A6AB13}.Release|x86.Build.0 = Release|Win32
		{6D979D0C-4EA9-427E-8E89-B1B660B8FE20}.Debug|x64.ActiveCfg = Debug|x64
		{6D979D0C-4EA9-427E-8E89-B1B660B8FE20}.Debug|x64.Build.0 = Debug|x64
		{6D979D0C-4EA9-427E-8E89-B1B660B8FE20}.Debug|x86.ActiveCfg = Debug|Win32
		{6D979D0C-4EA9-427E-8E89-B1B660B8FE20}.Debug|x86.Build.0 = Debug|Win32
		{6D979D0C-4EA9-427E-8E89-B1B660B8FE20}.Release|x64.ActiveCfg = Release|x64
		{6D979D0C-4EA9-427E-8E89-B1B660B8FE20}.Release|x64.Build.0 = Release|x64
		{6D979D0C-4EA9-427E-8E89-B1B660B8FE20}.Release|x86.ActiveCfg = Release|Win32
		{6D979D0C-4EA9-427E-8E89-B1B660B8FE20}.Release|x86.Build.0 = Release|Win32
		{E00D5D78-E494-4FE8-A1B2-341ED9C7BD42}.Debug|x64.ActiveCfg = Debug|x64
		{E00D5D78-E494-4FE8-A1B2-341ED9C7BD42}.Debug|x64.Build.0 = Debug|x64
		{E00D5D78-E494-4FE8-A1B2-341ED9C7BD42}.Debug|x86.ActiveCfg = Debug|Win32
		{E00D5D78-E494-4FE8-A1B2-341ED9C7BD42}.Debug|x86.Build.0 = Debug|Win32
		{E00D5D78-E494-4FE8-A1B2-341ED9C7BD42}.Release|x64.ActiveCfg = Release|x64
		{E00D5D78-E494-4FE8-A1B2-341ED9C7BD42}.Release|x64.Build.0 = Release|x64
		{E00D5D78-E494-4FE8-A1B2-341ED9C7BD42}.Release|x86.ActiveCfg = Release|Win32
		{E00D5D78-E494-4FE8-A1B2-341ED9C7BD42}.Release|x86.Build.0 = Release|Win32
		{2F85DF9D-36A2-4004-BD44-CC5EF906D556}.Debug|x64.ActiveCfg = Debug|x64
		{2F85DF9D-36A2-4004-BD44-CC5EF906D556}.Debug|x64.Build.0 = Debug|x64
		{2F85DF9D-36A2-4004-BD44-CC5EF906D556}.Debug|x86.ActiveCfg = Debug|Win32
		{2F85DF9D-36A2-4004-BD44-CC5EF906D556}.Debug|x86.Build.0 = Debug|Win32
		{2F85DF9D-36A2-4004-BD44-CC5EF906D556}.Release|x64.ActiveCfg = Release|x64
		{2F85DF9D-36A2-4004-BD44-CC5EF906D556}.Release|x64.Build.0 = Release|x64
		{2F85DF9D-36A2-4004-BD44-CC5EF906D556}.Release|x86.ActiveCfg = Release|Win32
		{2F85DF9D-36A2-4004-BD44-CC5EF906D556}.Release|x86.Build.0 = Release|Win32
		{D48FB752-ADFD-4529-8897-57CE54A259D9}.Debug|x64.ActiveCfg = Debug|x64
		{D48FB752-ADFD-4529-8897-57CE54A259D9}.Debug|x64.Build.0 = Debug|x64
		{D48FB752-ADFD-4529-8897-57CE54A259D9}.Debug|x86.ActiveCfg = Debug|Win32
		{D48FB752-ADFD-4529-8897-57CE54A259D9}.Debug|x86.Build.0 = Debug|Win32
		{D48FB752-ADFD-4529-8897-57CE54A259D9}.Release|x64.ActiveCfg = Release|x64
		{D48FB752-ADFD-4529-8897-57CE54A259D9}.Release|x64.Build.0 = Release|x64
		{D48FB752-ADFD-4529-8897-57CE54A259D9}.Release|x86.ActiveCfg = Release|Win32
		{D48FB752-ADFD-4529-8897-57CE54A259D9}.Release|x86.Build.0 = Release|Win32
		{FBFFA588-D44F-4477-8FBC-9BC8D8855350}.Debug|x64.ActiveCfg = Debug|x64
		{FBFFA588-D44F-4477-8FBC-9BC8D8855350}.Debug|x64.Build.0 = Debug|x64
		{FBFFA588-D44F-4477-8FBC-9BC8D8855350}.Debug|x86.ActiveCfg = Debug|Win32
		{FBFFA588-D44F-4477-8FBC-9BC8D8855350}.Debug|x86.Build.0 = Debug|Win32
		{FBFFA588-D44F-4477-8FBC-9BC8D8855350}.Release|x64.ActiveCfg = Release|x64
		{FBFFA588-D44F-4477-8FBC-9BC8D8855350}.Release|x64.Build.0 = Release|x64
		{FBFFA588-D44F-4477-8FBC-9BC8D8855350}.Release|x86.ActiveCfg = Release|Win32
		{FBFFA588-D44F-4477-8FBC-9BC8D8855350}.Release|x86.Build.0 = Release|Win32
		{20D0D05F-6018-4170-89F7-9EEE8A93F0AF}.Debug|x64.ActiveCfg = Debug|x64
		{20D0D05F-6018-4170-89F7-9EEE8A93F0AF}.Debug|x64.Build.0 = Debug|x64
		{20D0D05F-6018-4170-89F7-9EEE8A93F0AF}.Debug|x86.ActiveCfg = Debug|Win32
		{20D0D05F-6018-4170-89F7-9EEE8A93F0AF}.Debug|x86.Build.0 = Debug|Win32
		{20D0D05F-6018-4170-89F7-9EEE8A93F0AF}.Release|x64.ActiveCfg = Release|x64
		{20D0D05F-6018-4170-89F7-9EEE8A93F0AF}.Release|x64.Build.0 = Release|x64
		{20D0D05F-6018-4170-89F7-9EEE8A93F0AF}.Release|x86.ActiveCfg = Release|Win32
		{20D0D05F-6018-4170-89F7-9EEE8A93F0AF}.Release|x86.Build.0 = Release|Win32
		{0E6A60D2-A825-45CC-BF88-408137D5A003}.Debug|x64.ActiveCfg = Debug|x64
		{0E6A60D2-A825-45CC-BF88-408137D5A003}.Debug|x64.Build.0 = Debug|x64
		{0E6A60D2-A825-45CC-BF88-408137D5A003}.Debug|x86.ActiveCfg = Debug|Win32
		{0E6A60D2-A825-45CC-BF88-408137D5A003}.Debug|x86.Build.0 = Debug|Win32
		{0E6A60D2-A825-45CC-BF88-408137D5A003}.Release|x64.ActiveCfg = Release|x64
		{0E6A60D2-A825-45CC-BF88-408137D5A003}.Release|x64.Build.0 = Release|x64
		{0E6A60D2-A825-45CC-BF88-408137D5A003}.Release|x86.ActiveCfg = Release|Win32
		{0E6A60D2-A825-45CC-BF88-408137D5A003}.Release|x86.Build.0 = Release|Win32
		{EBC22470-4241-422E-B460-16D47FF5BCF5}.Debug|x64.ActiveCfg = Debug|x64
		{EBC22470-4241-422E-B460-16D47FF5BCF5}.Debug|x64.Build.0 = Debug|x64
		{EBC22470-4241-422E-B460-16D47FF5BCF5}.Debug|x86.ActiveCfg = Debug|Win32
		{EBC22470-4241-422E-B460-16D47FF5BCF5}.Debug|x86.Build.0 = Debug|Win32
		{EBC22470-4241-422E-B460-16D47FF5BCF5}.Release|x64.ActiveCfg = Release|x64
		{EBC22470-4241-422E-B460-16D47FF5BCF5}.Release|x64.Build.0 = Release|x64
		{EBC22470-4241-422E-B460-16D47FF5BCF5}.Release|x86.ActiveCfg = Release|Win32
		{EBC22470-4241-422E-B460-16D47FF5BCF5}.Release|x86.Build.0 = Release|Win32
		{EEC9E574-9EB8-4BF4-8D2C-6477EAE2ECD5}.Debug|x64.ActiveCfg = Debug|x64
		{EEC9E574-9EB8-4BF4-8D2C-6477EAE2ECD5}.Debug|x64.Build.0 = Debug|x64
		{EEC9E574-9EB8-4BF4-8D2C-6477EAE2ECD5}.Debug|x86.ActiveCfg = Debug|Win32
		{EEC9E574-9EB8-4BF4-8D2C-6477EAE2ECD5}.Debug|x86.Build.0 = Debug|Win32
		{EEC9E574-9EB8-4BF4-8D2C-6477EAE2ECD5}.Release|x64.ActiveCfg = Release|x64
		{EEC9E574-9EB8-4BF4-8D2C-6477EAE2ECD5}.Release|x64.Build.0 = Release|x64
		{EEC9E574-9EB8-4BF4-8D2C-6477EAE2ECD5}.Release|x86.ActiveCfg = Release|Win32
		{EEC9E574-9EB8-4BF4-8D2C-6477EAE2ECD5}.Release|x86.Build.0 = Release|Win32
		{7B87E6B0-B028-4E25-BE9D-243B6F25D6CD}.Debug|x64.ActiveCfg = Debug|x64
		{7B87E6B0-B028-4E25-BE9D-243B6F25D6CD}.Debug|x64.Build.0 = Debug|x64
		{7B87E6B0-B028-4E25-BE9D-243B6F25D6CD}.Debug|x86.ActiveCfg = Debug|Win32
		{7B87E6B0-B028-4E25-BE9D-243B6F25D6CD}.Debug|x86.Build.0 = Debug|Win32
		{7B87E6B0-B028-4E25-BE9D-243B6F25D6CD}.Release|x64.ActiveCfg = Release|x64
		{7B87E6B0-B028-4E25-BE9D-243B6F25D6CD}.Release|x64.Build.0 = Release|x64
		{7B87E6B0-B028-4E25-BE9D-243B6F25D6CD}.Release|x86.ActiveCfg = Release|Win32
		{7B87E6B0-B028-4E25-BE9D-243B6F25D6CD}.Release|x86.Build.0 = Release|Win32
		{ADF51DA8-EC5D-4872-971D-207460A39F69}.Debug|x64.ActiveCfg = Debug|x64
		{ADF51DA8-EC5D-4872-971D-207460A39F69}.Debug|x64.Build.0 = Debug|x64
		{ADF51DA8-EC5D-4872-971D-207460A39F69}.Debug|x86.ActiveCfg = Debug|Win32
		{ADF51DA8-EC5D-4872-971D-207460A39F69}.Debug|x86.Build.0 = Debug|Win32
		{ADF51DA8-EC5D-4872-971D-207460A39F69}.Release|x64.ActiveCfg = Release|x64
		{ADF51DA8-EC5D-4872-971D-207460A39F69}.Release|x64.Build.0 = Release|x64
		{ADF51DA8-EC5D-4872-971D-207460A39F69}.Release|x86.ActiveCfg = Release|Win32
		{ADF51DA8-EC5D-4872-971D-207460A39F69}.Release|x86.Build.0 = Release|Win32
		{70A70B33-7B0C-4A40-837F-D86C1D70CB31}.Debug|x64.ActiveCfg = Debug|x64
		{70A70B33-7B0C-4A40-837F-D86C1D70CB31}.Debug|x64.Build.0 = Debug|x64
		{70A70B33-7B0C-4A40-837F-D86C1D70CB31}.Debug|x86.ActiveCfg = Debug|Win32
		{70A70B33-7B0C-4A40-837F-D86C1D70CB31}.Debug|x86.Build.0 = Debug|Win32
		{70A70B33-7B0C-4A40-837F-D86C1D70CB31}.Release|x64.ActiveCfg = Release|x64
		{70A70B33-7B0C-4A40-837F-D86C1D70CB31}.Release|x64.Build.0 = Release|x64
		{70A70B33-7B0C-4A40-837F-D86C1D70CB31}.Release|x86.ActiveCfg = Release|Win32
		{70A70B33-7B0C-4A40-837F-D86C1D70CB31}.Release|x86.Build.0 = Release|Win32
		{80EFD3E0-E103-4C88-B18A-D3E63A8E31C5}.Debug|x64.ActiveCfg = Debug|x64
		{80EFD3E0-E103-4C88-B18A-D3E63A8E31C5}.Debug|x64.Build.0 = Debug|x64
		{80EFD3E0-E103-4C88-B18A-D3E63A8E31C5}.Debug|x86.ActiveCfg = Debug|Win32
		{80EFD3E0-E103-4C88-B18A-D3E63A8E31C5}.Debug|x86.Build.0 = Debug|Win32
		{80EFD3E0-E103-4C88-B18A-D3E63A8E31C5}.Release|x64.ActiveCfg = Release|x64
		{80EFD3E0-E103-4C88-B18A-D3E63A8E31C5}.Release|x64.Build.0 = Release|x64
		{80EFD3E0-E103-4C88-B18A-D3E63A8E31C5}.Release|x86.ActiveCfg = Release|Win32
		{80EFD3E0-E103-4C88-B18A-D3E63A8E31C5}.Release|x86.Build.0 = Release|Win32
		{2496E5FB-774A-4F07-8E75-336699E8E1EA}.Debug|x64.ActiveCfg = Debug|x64
		{2496E5FB-774A-4F07-8E75-336699E8E1EA}.Debug|x64.Build.0 = Debug|x64
		{2496E5FB-774A-4F07-8E75-336699E8E1EA}.Debug|x86.ActiveCfg = Debug|Win32
		{2496E5FB-774A-4F07-8E75-336699E8E1EA}.Debug|x86.Build.0 = Debug|Win32
		{2496E5FB-774A-4F07-8E75-336699E8E1EA}.Release|x64.ActiveCfg = Release|x64
		{2496E5FB-774A-4F07-8E75-336699E8E1EA}.Release|x64.Build.0 = Release|x64
		{2496E5FB-774A-4F07-8E75-336699E8E1EA}.Release|x86.ActiveCfg = Release|Win32
		{2496E5FB-774A-4F07-8E75-336699E8E1EA}.Release|x86.Build.0 = Release|Win32
		{B7E80637-9127-4156-8795-3C2D415EA9D3}.Debug|x64.ActiveCfg = Debug|x64
		{B7E80637-9127-4156-8795-3C2D415EA9D3}.Debug|x64.Build.0 = Debug|x64
		{B7E80637-9127-4156-8795-3C2D415EA9D3}.Debug|x86.ActiveCfg = Debug|Win32
		{B7E80637-9127-4156-8795-3C2D415EA9D3}.Debug|x86.Build.0 = Debug|Win32
		{B7E80637-9127-4156-8795-3C2D415EA9D3}.Release|x64.ActiveCfg = Release|x64
		{B7E80637-9127-4156-8795-3C2D415EA9D3}.Release|x64.Build.0 = Release|x64
		{B7E80637-9127-4156-8795-3C2D415EA9D3}.Release|x86.ActiveCfg = Release|Win32
		{B7E80637-9127-4156-8795-3C2D415EA9D3}.Release|x86.Build.0 = Release|Win32
	EndGlobalSection
	GlobalSection(SolutionProperties) = preSolution
		HideSolutionNode = FALSE
	EndGlobalSection
	GlobalSection(NestedProjects) = preSolution
		{62DE3DAA-6846-4FD8-8DD9-0D35AAFBDB2E} = {9B2233C2-BB56-4BA8-90AF-7C14FE3BED80}
		{39D31E92-2202-4199-9025-698C682E94F2} = {9B2233C2-BB56-4BA8-90AF-7C14FE3BED80}
		{AA2C8BAA-E58E-4818-8714-CB853810E14C} = {9B2233C2-BB56-4BA8-90AF-7C14FE3BED80}
		{A4C24FC0-006A-4A55-A34F-773EA55590A9} = {9B2233C2-BB56-4BA8-90AF-7C14FE3BED80}
		{3C69AFA3-F1A7-4742-B518-E116D51C84F8} = {9B2233C2-BB56-4BA8-90AF-7C14FE3BED80}
		{F306D158-3BF6-4A50-99B1-A85A85C603A5} = {9B2233C2-BB56-4BA8-90AF-7C14FE3BED80}
		{18FFEE80-2350-4D04-9179-0C66113F1A24} = {6AB6DD41-B9B6-4C36-9F6B-CBF6BC0DF92A}
		{65C73898-1718-46C2-B7AA-F10AF90D3544} = {6AB6DD41-B9B6-4C36-9F6B-CBF6BC0DF92A}
		{68FAD861-1D9B-44AD-A030-F3D391C61FF5} = {6AB6DD41-B9B6-4C36-9F6B-CBF6BC0DF92A}
		{593F8F71-C7FE-4ED0-ACE4-6BEC711F45D5} = {1B861AC3-9A90-4912-922E-D0C0E3708020}
		{5C0024A6-0909-4168-B2A8-8E140FF5311C} = {1B861AC3-9A90-4912-922E-D0C0E3708020}
		{E9608BB4-CDD2-4240-97BE-E0C36F60E1B6} = {1B861AC3-9A90-4912-922E-D0C0E3708020}
		{139B8FA4-51C4-4B96-A857-01C162F5AA7E} = {1B861AC3-9A90-4912-922E-D0C0E3708020}
		{316BC46E-9CAE-40AB-BCAE-F6296B482DB0} = {1B861AC3-9A90-4912-922E-D0C0E3708020}
		{19A0670C-2EA3-4F42-AF1D-D8DFE8DBDE2F} = {1B861AC3-9A90-4912-922E-D0C0E3708020}
		{B0DF1B58-E10D-4853-89FB-605B80038508} = {FD2327E0-5FA7-4F34-B4CA-13875BD53FF8}
		{3BD6F3F0-115A-40E2-9DA9-9C5F89DA630F} = {FD2327E0-5FA7-4F34-B4CA-13875BD53FF8}
		{ED988912-8737-4736-BC28-27E6B61A9B09} = {FD2327E0-5FA7-4F34-B4CA-13875BD53FF8}
		{E8C11B4C-25EE-40CF-ACB4-267194C2F1CB} = {FD2327E0-5FA7-4F34-B4CA-13875BD53FF8}
		{20A9C88C-6501-490E-8D7A-78BB232D1BE4} = {FD2327E0-5FA7-4F34-B4CA-13875BD53FF8}
		{C7CBEBBA-D8E5-4FB7-AD1D-C5EBCF7115A1} = {FD2327E0-5FA7-4F34-B4CA-13875BD53FF8}
		{7B54533C-6031-4F76-B47B-FBA8C7BC80D9} = {FD2327E0-5FA7-4F34-B4CA-13875BD53FF8}
		{AF056B4A-73B5-4AB7-A7B1-1C4180AAB122} = {A49963ED-0C3F-447F-B25B-B50A5E318DA1}
		{32DC676C-2B70-4A6A-911F-7333398EFA6F} = {A49963ED-0C3F-447F-B25B-B50A5E318DA1}
		{91797446-A685-4866-AEA2-2891E14B751B} = {A49963ED-0C3F-447F-B25B-B50A5E318DA1}
		{B9AD7201-427E-44A9-9002-ECCA4E91C069} = {A49963ED-0C3F-447F-B25B-B50A5E318DA1}
		{C77F55C2-1345-4A69-8D08-4776CF6421FF} = {A49963ED-0C3F-447F-B25B-B50A5E318DA1}
		{0677D681-FE60-4D45-99E7-CCD92BCA71F0} = {A49963ED-0C3F-447F-B25B-B50A5E318DA1}
		{30ED0F76-21C6-47AA-B0F0-5E5424380666} = {DB17F592-0D99-44C7-9DD4-CA01816C15E3}
		{ACBEAD1A-2F05-4AE4-9DD6-59A72983D647} = {DB17F592-0D99-44C7-9DD4-CA01816C15E3}
		{E328BD49-86BE-460D-ABEC-86FE4E33330E} = {DB17F592-0D99-44C7-9DD4-CA01816C15E3}
		{1CE85E3D-BB1B-434E-AA6C-038C39336F81} = {DB17F592-0D99-44C7-9DD4-CA01816C15E3}
		{B38B3996-A194-4151-A2E1-741618E2AE51} = {CB4BB555-07F3-4CB6-AF5A-221A9DEB98B4}
		{19B3479D-F1B2-4802-B222-F8BA845FE0A9} = {CB4BB555-07F3-4CB6-AF5A-221A9DEB98B4}
		{A9AC2F06-8837-46EE-B8A4-5D4768000415} = {CB4BB555-07F3-4CB6-AF5A-221A9DEB98B4}
		{A472372D-C0C8-4871-8B41-27B1F7B88AA8} = {CB4BB555-07F3-4CB6-AF5A-221A9DEB98B4}
		{A7631DEF-C4AF-4129-B9B7-872805EEA1D8} = {5AA327E6-D46F-4599-B032-62594B28F8CB}
		{6D49618C-4944-4626-B2C9-3AE2676FA258} = {5AA327E6-D46F-4599-B032-62594B28F8CB}
		{518415DC-9F6A-46BE-BFF8-BD50ED72A5A3} = {5AA327E6-D46F-4599-B032-62594B28F8CB}
		{13FFC6D8-A8C7-4B70-96D7-811FA1DDDD11} = {5AA327E6-D46F-4599-B032-62594B28F8CB}
		{CCD9A20E-C0F9-44B4-91A7-1AF49A174652} = {5AA327E6-D46F-4599-B032-62594B28F8CB}
		{D5B66019-2AB7-4036-BA9F-747E63642313} = {BBDA643B-CBFA-4A3E-8A05-443E6203801B}
		{37B9BA9A-602C-4F7F-8C18-D82FC33D2882} = {BBDA643B-CBFA-4A3E-8A05-443E6203801B}
		{39AB13F2-BB21-4175-81DC-7F3B35F022ED} = {BBDA643B-CBFA-4A3E-8A05-443E6203801B}
		{BC721ABE-3F8A-40D3-B222-433B25B26377} = {BBDA643B-CBFA-4A3E-8A05-443E6203801B}
		{CF416294-DC09-48B5-8752-F3A136C3510D} = {BBDA643B-CBFA-4A3E-8A05-443E6203801B}
		{67AB7ED3-EF5E-4EA6-AB6E-8884C3DCDD66} = {BBDA643B-CBFA-4A3E-8A05-443E6203801B}
		{F4AAE78C-576E-4D25-AE1F-BC0C31A6AB13} = {BBDA643B-CBFA-4A3E-8A05-443E6203801B}
		{6D979D0C-4EA9-427E-8E89-B1B660B8FE20} = {BBDA643B-CBFA-4A3E-8A05-443E6203801B}
		{E00D5D78-E494-4FE8-A1B2-341ED9C7BD42} = {BBDA643B-CBFA-4A3E-8A05-443E6203801B}
		{2F85DF9D-36A2-4004-BD44-CC5EF906D556} = {BBDA643B-CBFA-4A3E-8A05-443E6203801B}
		{D48FB752-ADFD-4529-8897-57CE54A259D9} = {BBDA643B-CBFA-4A3E-8A05-443E6203801B}
		{FBFFA588-D44F-4477-8FBC-9BC8D8855350} = {BBDA643B-CBFA-4A3E-8A05-443E6203801B}
		{20D0D05F-6018-4170-89F7-9EEE8A93F0AF} = {BBDA643B-CBFA-4A3E-8A05-443E6203801B}
		{0E6A60D2-A825-45CC-BF88-408137D5A003} = {BBDA643B-CBFA-4A3E-8A05-443E6203801B}
		{EBC22470-4241-422E-B460-16D47FF5BCF5} = {BBDA643B-CBFA-4A3E-8A05-443E6203801B}
		{EEC9E574-9EB8-4BF4-8D2C-6477EAE2ECD5} = {BBDA643B-CBFA-4A3E-8A05-443E6203801B}
		{7B87E6B0-B028-4E25-BE9D-243B6F25D6CD} = {BBDA643B-CBFA-4A3E-8A05-443E6203801B}
		{ADF51DA8-EC5D-4872-971D-207460A39F69} = {BBDA643B-CBFA-4A3E-8A05-443E6203801B}
		{70A70B33-7B0C-4A40-837F-D86C1D70CB31} = {BBDA643B-CBFA-4A3E-8A05-443E6203801B}
		{80EFD3E0-E103-4C88-B18A-D3E63A8E31C5} = {BBDA643B-CBFA-4A3E-8A05-443E6203801B}
		{2496E5FB-774A-4F07-8E75-336699E8E1EA} = {9B2233C2-BB56-4BA8-90AF-7C14FE3BED80}
		{B7E80637-9127-4156-8795-3C2D415EA9D3} = {9B2233C2-BB56-4BA8-90AF-7C14FE3BED80}
	EndGlobalSection
	GlobalSection(ExtensibilityGlobals) = postSolution
		SolutionGuid = {CF55BBB2-0B0F-4DFF-8CA8-3433A67E54F6}
	EndGlobalSection
EndGlobal
